
Microsoft Visual Studio Solution File, Format Version 12.00
# Visual Studio 15
Project("{2150E333-8FDC-42A3-9474-1A3956D46DE8}") = "Services", "Services", "{FD989136-8817-44A8-A07F-4F20204B9124}"
EndProject
Project("{2150E333-8FDC-42A3-9474-1A3956D46DE8}") = "Products", "Products", "{81CFCFB0-651C-43FA-B6B5-71E956F697E6}"
EndProject
Project("{FAE04EC0-301F-11D3-BF4B-00C04F79EFBC}") = "Products.Api", "Services\Products\Products.Api\Products.Api.csproj", "{4A5901AD-FF81-42D6-9649-9FD9883B3C18}"
EndProject
Project("{2150E333-8FDC-42A3-9474-1A3956D46DE8}") = "Users", "Users", "{3C96DBFD-61F9-4CF3-83D6-4A586395F23E}"
EndProject
Project("{FAE04EC0-301F-11D3-BF4B-00C04F79EFBC}") = "Users.Api", "Services\Users\Users.Api\Users.Api.csproj", "{A8B7C6A2-7468-405E-9265-5DF9A31CE5E3}"
EndProject
Project("{E53339B2-1760-4266-BCC7-CA923CBCF16C}") = "docker-compose", "docker-compose.dcproj", "{87F82D07-CB43-43FF-B2BC-CBD64BC409FF}"
EndProject
Project("{2150E333-8FDC-42A3-9474-1A3956D46DE8}") = "Core", "Core", "{7724C0A2-35C6-49DE-A9DC-4A622CD69F1D}"
EndProject
Project("{FAE04EC0-301F-11D3-BF4B-00C04F79EFBC}") = "Services.Communication.Users", "Services.Communication.Users\Services.Communication.Users.csproj", "{7FCE7CB0-3760-4CB3-A12F-BF58E2602333}"
EndProject
Project("{2150E333-8FDC-42A3-9474-1A3956D46DE8}") = "Gateway", "Gateway", "{C9B552D4-FF10-48DF-86EF-359FA8D7817F}"
EndProject
Project("{FAE04EC0-301F-11D3-BF4B-00C04F79EFBC}") = "Gateway.Api", "Services\Gateway\Gateway.Api\Gateway.Api.csproj", "{7D720FAF-D79F-45D7-8AA2-8EC798FD4ADC}"
EndProject
Global
	GlobalSection(SolutionConfigurationPlatforms) = preSolution
		Debug|Any CPU = Debug|Any CPU
		Release|Any CPU = Release|Any CPU
	EndGlobalSection
	GlobalSection(ProjectConfigurationPlatforms) = postSolution
		{4A5901AD-FF81-42D6-9649-9FD9883B3C18}.Debug|Any CPU.ActiveCfg = Debug|Any CPU
		{4A5901AD-FF81-42D6-9649-9FD9883B3C18}.Debug|Any CPU.Build.0 = Debug|Any CPU
		{4A5901AD-FF81-42D6-9649-9FD9883B3C18}.Release|Any CPU.ActiveCfg = Release|Any CPU
		{4A5901AD-FF81-42D6-9649-9FD9883B3C18}.Release|Any CPU.Build.0 = Release|Any CPU
		{A8B7C6A2-7468-405E-9265-5DF9A31CE5E3}.Debug|Any CPU.ActiveCfg = Debug|Any CPU
		{A8B7C6A2-7468-405E-9265-5DF9A31CE5E3}.Debug|Any CPU.Build.0 = Debug|Any CPU
		{A8B7C6A2-7468-405E-9265-5DF9A31CE5E3}.Release|Any CPU.ActiveCfg = Release|Any CPU
		{A8B7C6A2-7468-405E-9265-5DF9A31CE5E3}.Release|Any CPU.Build.0 = Release|Any CPU
		{87F82D07-CB43-43FF-B2BC-CBD64BC409FF}.Debug|Any CPU.ActiveCfg = Debug|Any CPU
		{87F82D07-CB43-43FF-B2BC-CBD64BC409FF}.Debug|Any CPU.Build.0 = Debug|Any CPU
		{87F82D07-CB43-43FF-B2BC-CBD64BC409FF}.Release|Any CPU.ActiveCfg = Release|Any CPU
		{87F82D07-CB43-43FF-B2BC-CBD64BC409FF}.Release|Any CPU.Build.0 = Release|Any CPU
		{7FCE7CB0-3760-4CB3-A12F-BF58E2602333}.Debug|Any CPU.ActiveCfg = Debug|Any CPU
		{7FCE7CB0-3760-4CB3-A12F-BF58E2602333}.Debug|Any CPU.Build.0 = Debug|Any CPU
		{7FCE7CB0-3760-4CB3-A12F-BF58E2602333}.Release|Any CPU.ActiveCfg = Release|Any CPU
		{7FCE7CB0-3760-4CB3-A12F-BF58E2602333}.Release|Any CPU.Build.0 = Release|Any CPU
		{7D720FAF-D79F-45D7-8AA2-8EC798FD4ADC}.Debug|Any CPU.ActiveCfg = Debug|Any CPU
		{7D720FAF-D79F-45D7-8AA2-8EC798FD4ADC}.Debug|Any CPU.Build.0 = Debug|Any CPU
		{7D720FAF-D79F-45D7-8AA2-8EC798FD4ADC}.Release|Any CPU.ActiveCfg = Release|Any CPU
		{7D720FAF-D79F-45D7-8AA2-8EC798FD4ADC}.Release|Any CPU.Build.0 = Release|Any CPU
	EndGlobalSection
	GlobalSection(NestedProjects) = preSolution
		{81CFCFB0-651C-43FA-B6B5-71E956F697E6} = {FD989136-8817-44A8-A07F-4F20204B9124}
		{4A5901AD-FF81-42D6-9649-9FD9883B3C18} = {81CFCFB0-651C-43FA-B6B5-71E956F697E6}
		{3C96DBFD-61F9-4CF3-83D6-4A586395F23E} = {FD989136-8817-44A8-A07F-4F20204B9124}
		{A8B7C6A2-7468-405E-9265-5DF9A31CE5E3} = {3C96DBFD-61F9-4CF3-83D6-4A586395F23E}
		{7FCE7CB0-3760-4CB3-A12F-BF58E2602333} = {7724C0A2-35C6-49DE-A9DC-4A622CD69F1D}
		{C9B552D4-FF10-48DF-86EF-359FA8D7817F} = {FD989136-8817-44A8-A07F-4F20204B9124}
		{7D720FAF-D79F-45D7-8AA2-8EC798FD4ADC} = {C9B552D4-FF10-48DF-86EF-359FA8D7817F}
	EndGlobalSection
EndGlobal
